// !$*UTF8*$!
{
	archiveVersion = 1;
	classes = {
	};
	objectVersion = 46;
	objects = {

/* Begin PBXBuildFile section */
		97DB82E81D31E9DE0022556E /* main.cpp in Sources */ = {isa = PBXBuildFile; fileRef = 97DB82E71D31E9DE0022556E /* main.cpp */; };
/* End PBXBuildFile section */

/* Begin PBXCopyFilesBuildPhase section */
		97DB82E21D31E9DE0022556E /* CopyFiles */ = {
			isa = PBXCopyFilesBuildPhase;
			buildActionMask = 2147483647;
			dstPath = /usr/share/man/man1/;
			dstSubfolderSpec = 0;
			files = (
			);
			runOnlyForDeploymentPostprocessing = 1;
		};
/* End PBXCopyFilesBuildPhase section */

/* Begin PBXFileReference section */
		97DB82E41D31E9DE0022556E /* 从单向链表中删除指定值的节点 */ = {isa = PBXFileReference; explicitFileType = "compiled.mach-o.executable"; includeInIndex = 0; path = "从单向链表中删除指定值的节点"; sourceTree = BUILT_PRODUCTS_DIR; };
		97DB82E71D31E9DE0022556E /* main.cpp */ = {isa = PBXFileReference; lastKnownFileType = sourcecode.cpp.cpp; path = main.cpp; sourceTree = "<group>"; };
/* End PBXFileReference section */

/* Begin PBXFrameworksBuildPhase section */
		97DB82E11D31E9DE0022556E /* Frameworks */ = {
			isa = PBXFrameworksBuildPhase;
			buildActionMask = 2147483647;
			files = (
			);
			runOnlyForDeploymentPostprocessing = 0;
		};
/* End PBXFrameworksBuildPhase section */

/* Begin PBXGroup section */
		97DB82DB1D31E9DE0022556E = {
			isa = PBXGroup;
			children = (
				97DB82E61D31E9DE0022556E /* 从单向链表中删除指定值的节点 */,
				97DB82E51D31E9DE0022556E /* Products */,
			);
			sourceTree = "<group>";
		};
		97DB82E51D31E9DE0022556E /* Products */ = {
			isa = PBXGroup;
			children = (
				97DB82E41D31E9DE0022556E /* 从单向链表中删除指定值的节点 */,
			);
			name = Products;
			sourceTree = "<group>";
		};
		97DB82E61D31E9DE0022556E /* 从单向链表中删除指定值的节点 */ = {
			isa = PBXGroup;
			children = (
				97DB82E71D31E9DE0022556E /* main.cpp */,
			);
			path = "从单向链表中删除指定值的节点";
			sourceTree = "<group>";
		};
/* End PBXGroup section */

/* Begin PBXNativeTarget section */
		97DB82E31D31E9DE0022556E /* 从单向链表中删除指定值的节点 */ = {
			isa = PBXNativeTarget;
			buildConfigurationList = 97DB82EB1D31E9DE0022556E /* Build configuration list for PBXNativeTarget "从单向链表中删除指定值的节点" */;
			buildPhases = (
				97DB82E01D31E9DE0022556E /* Sources */,
				97DB82E11D31E9DE0022556E /* Frameworks */,
				97DB82E21D31E9DE0022556E /* CopyFiles */,
			);
			buildRules = (
			);
			dependencies = (
			);
			name = "从单向链表中删除指定值的节点";
			productName = "从单向链表中删除指定值的节点";
			productReference = 97DB82E41D31E9DE0022556E /* 从单向链表中删除指定值的节点 */;
			productType = "com.apple.product-type.tool";
		};
/* End PBXNativeTarget section */

/* Begin PBXProject section */
		97DB82DC1D31E9DE0022556E /* Project object */ = {
			isa = PBXProject;
			attributes = {
				LastUpgradeCheck = 0700;
				ORGANIZATIONNAME = anne;
				TargetAttributes = {
					97DB82E31D31E9DE0022556E = {
						CreatedOnToolsVersion = 7.0.1;
					};
				};
			};
			buildConfigurationList = 97DB82DF1D31E9DE0022556E /* Build configuration list for PBXProject "从单向链表中删除指定值的节点" */;
			compatibilityVersion = "Xcode 3.2";
			developmentRegion = English;
			hasScannedForEncodings = 0;
			knownRegions = (
				en,
			);
			mainGroup = 97DB82DB1D31E9DE0022556E;
			productRefGroup = 97DB82E51D31E9DE0022556E /* Products */;
			projectDirPath = "";
			projectRoot = "";
			targets = (
				97DB82E31D31E9DE0022556E /* 从单向链表中删除指定值的节点 */,
			);
		};
/* End PBXProject section */

/* Begin PBXSourcesBuildPhase section */
		97DB82E01D31E9DE0022556E /* Sources */ = {
			isa = PBXSourcesBuildPhase;
			buildActionMask = 2147483647;
			files = (
				97DB82E81D31E9DE0022556E /* main.cpp in Sources */,
			);
			runOnlyForDeploymentPostprocessing = 0;
		};
/* End PBXSourcesBuildPhase section */

/* Begin XCBuildConfiguration section */
		97DB82E91D31E9DE0022556E /* Debug */ = {
			isa = XCBuildConfiguration;
			buildSettings = {
				ALWAYS_SEARCH_USER_PATHS = NO;
				CLANG_CXX_LANGUAGE_STANDARD = "gnu++0x";
				CLANG_CXX_LIBRARY = "libc++";
				CLANG_ENABLE_MODULES = YES;
				CLANG_ENABLE_OBJC_ARC = YES;
				CLANG_WARN_BOOL_CONVERSION = YES;
				CLANG_WARN_CONSTANT_CONVERSION = YES;
				CLANG_WARN_DIRECT_OBJC_ISA_USAGE = YES_ERROR;
				CLANG_WARN_EMPTY_BODY = YES;
				CLANG_WARN_ENUM_CONVERSION = YES;
				CLANG_WARN_INT_CONVERSION = YES;
				CLANG_WARN_OBJC_ROOT_CLASS = YES_ERROR;
				CLANG_WARN_UNREACHABLE_CODE = YES;
				CLANG_WARN__DUPLICATE_METHOD_MATCH = YES;
				COPY_PHASE_STRIP = NO;
				DEBUG_INFORMATION_FORMAT = dwarf;
				ENABLE_STRICT_OBJC_MSGSEND = YES;
				ENABLE_TESTABILITY = YES;
				GCC_C_LANGUAGE_STANDARD = gnu99;
				GCC_DYNAMIC_NO_PIC = NO;
				GCC_NO_COMMON_BLOCKS = YES;
				GCC_OPTIMIZATION_LEVEL = 0;
				GCC_PREPROCESSOR_DEFINITIONS = (
					"DEBUG=1",
					"$(inherited)",
				);
				GCC_WARN_64_TO_32_BIT_CONVERSION = YES;
				GCC_WARN_ABOUT_RETURN_TYPE = YES_ERROR;
				GCC_WARN_UNDECLARED_SELECTOR = YES;
				GCC_WARN_UNINITIALIZED_AUTOS = YES_AGGRESSIVE;
				GCC_WARN_UNUSED_FUNCTION = YES;
				GCC_WARN_UNUSED_VARIABLE = YES;
				MACOSX_DEPLOYMENT_TARGET = 10.11;
				MTL_ENABLE_DEBUG_INFO = YES;
				ONLY_ACTIVE_ARCH = YES;
				SDKROOT = macosx;
			};
			name = Debug;
		};
		97DB82EA1D31E9DE0022556E /* Release */ = {
			isa = XCBuildConfiguration;
			buildSettings = {
				ALWAYS_SEARCH_USER_PATHS = NO;
				CLANG_CXX_LANGUAGE_STANDARD = "gnu++0x";
				CLANG_CXX_LIBRARY = "libc++";
				CLANG_ENABLE_MODULES = YES;
				CLANG_ENABLE_OBJC_ARC = YES;
				CLANG_WARN_BOOL_CONVERSION = YES;
				CLANG_WARN_CONSTANT_CONVERSION = YES;
				CLANG_WARN_DIRECT_OBJC_ISA_USAGE = YES_ERROR;
				CLANG_WARN_EMPTY_BODY = YES;
				CLANG_WARN_ENUM_CONVERSION = YES;
				CLANG_WARN_INT_CONVERSION = YES;
				CLANG_WARN_OBJC_ROOT_CLASS = YES_ERROR;
				CLANG_WARN_UNREACHABLE_CODE = YES;
				CLANG_WARN__DUPLICATE_METHOD_MATCH = YES;
				COPY_PHASE_STRIP = NO;
				DEBUG_INFORMATION_FORMAT = "dwarf-with-dsym";
				ENABLE_NS_ASSERTIONS = NO;
				ENABLE_STRICT_OBJC_MSGSEND = YES;
				GCC_C_LANGUAGE_STANDARD = gnu99;
				GCC_NO_COMMON_BLOCKS = YES;
				GCC_WARN_64_TO_32_BIT_CONVERSION = YES;
				GCC_WARN_ABOUT_RETURN_TYPE = YES_ERROR;
				GCC_WARN_UNDECLARED_SELECTOR = YES;
				GCC_WARN_UNINITIALIZED_AUTOS = YES_AGGRESSIVE;
				GCC_WARN_UNUSED_FUNCTION = YES;
				GCC_WARN_UNUSED_VARIABLE = YES;
				MACOSX_DEPLOYMENT_TARGET = 10.11;
				MTL_ENABLE_DEBUG_INFO = NO;
				SDKROOT = macosx;
			};
			name = Release;
		};
		97DB82EC1D31E9DE0022556E /* Debug */ = {
			isa = XCBuildConfiguration;
			buildSettings = {
				PRODUCT_NAME = "$(TARGET_NAME)";
			};
			name = Debug;
		};
		97DB82ED1D31E9DE0022556E /* Release */ = {
			isa = XCBuildConfiguration;
			buildSettings = {
				PRODUCT_NAME = "$(TARGET_NAME)";
			};
			name = Release;
		};
/* End XCBuildConfiguration section */

/* Begin XCConfigurationList section */
		97DB82DF1D31E9DE0022556E /* Build configuration list for PBXProject "从单向链表中删除指定值的节点" */ = {
			isa = XCConfigurationList;
			buildConfigurations = (
				97DB82E91D31E9DE0022556E /* Debug */,
				97DB82EA1D31E9DE0022556E /* Release */,
			);
			defaultConfigurationIsVisible = 0;
			defaultConfigurationName = Release;
		};
		97DB82EB1D31E9DE0022556E /* Build configuration list for PBXNativeTarget "从单向链表中删除指定值的节点" */ = {
			isa = XCConfigurationList;
			buildConfigurations = (
				97DB82EC1D31E9DE0022556E /* Debug */,
				97DB82ED1D31E9DE0022556E /* Release */,
			);
			defaultConfigurationIsVisible = 0;
		};
/* End XCConfigurationList section */
	};
	rootObject = 97DB82DC1D31E9DE0022556E /* Project object */;
}
