// !$*UTF8*$!
{
	archiveVersion = 1;
	classes = {
	};
	objectVersion = 46;
	objects = {

/* Begin PBXBuildFile section */
		975CCCD81CDB6C1B00995BF1 /* main.cpp in Sources */ = {isa = PBXBuildFile; fileRef = 975CCCD71CDB6C1B00995BF1 /* main.cpp */; };
/* End PBXBuildFile section */

/* Begin PBXCopyFilesBuildPhase section */
		975CCCD21CDB6C1B00995BF1 /* CopyFiles */ = {
			isa = PBXCopyFilesBuildPhase;
			buildActionMask = 2147483647;
			dstPath = /usr/share/man/man1/;
			dstSubfolderSpec = 0;
			files = (
			);
			runOnlyForDeploymentPostprocessing = 1;
		};
/* End PBXCopyFilesBuildPhase section */

/* Begin PBXFileReference section */
		975CCCD41CDB6C1B00995BF1 /* 提取不重复的整数 */ = {isa = PBXFileReference; explicitFileType = "compiled.mach-o.executable"; includeInIndex = 0; path = "提取不重复的整数"; sourceTree = BUILT_PRODUCTS_DIR; };
		975CCCD71CDB6C1B00995BF1 /* main.cpp */ = {isa = PBXFileReference; lastKnownFileType = sourcecode.cpp.cpp; path = main.cpp; sourceTree = "<group>"; };
/* End PBXFileReference section */

/* Begin PBXFrameworksBuildPhase section */
		975CCCD11CDB6C1B00995BF1 /* Frameworks */ = {
			isa = PBXFrameworksBuildPhase;
			buildActionMask = 2147483647;
			files = (
			);
			runOnlyForDeploymentPostprocessing = 0;
		};
/* End PBXFrameworksBuildPhase section */

/* Begin PBXGroup section */
		975CCCCB1CDB6C1B00995BF1 = {
			isa = PBXGroup;
			children = (
				975CCCD61CDB6C1B00995BF1 /* 提取不重复的整数 */,
				975CCCD51CDB6C1B00995BF1 /* Products */,
			);
			sourceTree = "<group>";
		};
		975CCCD51CDB6C1B00995BF1 /* Products */ = {
			isa = PBXGroup;
			children = (
				975CCCD41CDB6C1B00995BF1 /* 提取不重复的整数 */,
			);
			name = Products;
			sourceTree = "<group>";
		};
		975CCCD61CDB6C1B00995BF1 /* 提取不重复的整数 */ = {
			isa = PBXGroup;
			children = (
				975CCCD71CDB6C1B00995BF1 /* main.cpp */,
			);
			path = "提取不重复的整数";
			sourceTree = "<group>";
		};
/* End PBXGroup section */

/* Begin PBXNativeTarget section */
		975CCCD31CDB6C1B00995BF1 /* 提取不重复的整数 */ = {
			isa = PBXNativeTarget;
			buildConfigurationList = 975CCCDB1CDB6C1B00995BF1 /* Build configuration list for PBXNativeTarget "提取不重复的整数" */;
			buildPhases = (
				975CCCD01CDB6C1B00995BF1 /* Sources */,
				975CCCD11CDB6C1B00995BF1 /* Frameworks */,
				975CCCD21CDB6C1B00995BF1 /* CopyFiles */,
			);
			buildRules = (
			);
			dependencies = (
			);
			name = "提取不重复的整数";
			productName = "提取不重复的整数";
			productReference = 975CCCD41CDB6C1B00995BF1 /* 提取不重复的整数 */;
			productType = "com.apple.product-type.tool";
		};
/* End PBXNativeTarget section */

/* Begin PBXProject section */
		975CCCCC1CDB6C1B00995BF1 /* Project object */ = {
			isa = PBXProject;
			attributes = {
				LastUpgradeCheck = 0700;
				ORGANIZATIONNAME = anne;
				TargetAttributes = {
					975CCCD31CDB6C1B00995BF1 = {
						CreatedOnToolsVersion = 7.0.1;
					};
				};
			};
			buildConfigurationList = 975CCCCF1CDB6C1B00995BF1 /* Build configuration list for PBXProject "提取不重复的整数" */;
			compatibilityVersion = "Xcode 3.2";
			developmentRegion = English;
			hasScannedForEncodings = 0;
			knownRegions = (
				en,
			);
			mainGroup = 975CCCCB1CDB6C1B00995BF1;
			productRefGroup = 975CCCD51CDB6C1B00995BF1 /* Products */;
			projectDirPath = "";
			projectRoot = "";
			targets = (
				975CCCD31CDB6C1B00995BF1 /* 提取不重复的整数 */,
			);
		};
/* End PBXProject section */

/* Begin PBXSourcesBuildPhase section */
		975CCCD01CDB6C1B00995BF1 /* Sources */ = {
			isa = PBXSourcesBuildPhase;
			buildActionMask = 2147483647;
			files = (
				975CCCD81CDB6C1B00995BF1 /* main.cpp in Sources */,
			);
			runOnlyForDeploymentPostprocessing = 0;
		};
/* End PBXSourcesBuildPhase section */

/* Begin XCBuildConfiguration section */
		975CCCD91CDB6C1B00995BF1 /* Debug */ = {
			isa = XCBuildConfiguration;
			buildSettings = {
				ALWAYS_SEARCH_USER_PATHS = NO;
				CLANG_CXX_LANGUAGE_STANDARD = "gnu++0x";
				CLANG_CXX_LIBRARY = "libc++";
				CLANG_ENABLE_MODULES = YES;
				CLANG_ENABLE_OBJC_ARC = YES;
				CLANG_WARN_BOOL_CONVERSION = YES;
				CLANG_WARN_CONSTANT_CONVERSION = YES;
				CLANG_WARN_DIRECT_OBJC_ISA_USAGE = YES_ERROR;
				CLANG_WARN_EMPTY_BODY = YES;
				CLANG_WARN_ENUM_CONVERSION = YES;
				CLANG_WARN_INT_CONVERSION = YES;
				CLANG_WARN_OBJC_ROOT_CLASS = YES_ERROR;
				CLANG_WARN_UNREACHABLE_CODE = YES;
				CLANG_WARN__DUPLICATE_METHOD_MATCH = YES;
				COPY_PHASE_STRIP = NO;
				DEBUG_INFORMATION_FORMAT = dwarf;
				ENABLE_STRICT_OBJC_MSGSEND = YES;
				ENABLE_TESTABILITY = YES;
				GCC_C_LANGUAGE_STANDARD = gnu99;
				GCC_DYNAMIC_NO_PIC = NO;
				GCC_NO_COMMON_BLOCKS = YES;
				GCC_OPTIMIZATION_LEVEL = 0;
				GCC_PREPROCESSOR_DEFINITIONS = (
					"DEBUG=1",
					"$(inherited)",
				);
				GCC_WARN_64_TO_32_BIT_CONVERSION = YES;
				GCC_WARN_ABOUT_RETURN_TYPE = YES_ERROR;
				GCC_WARN_UNDECLARED_SELECTOR = YES;
				GCC_WARN_UNINITIALIZED_AUTOS = YES_AGGRESSIVE;
				GCC_WARN_UNUSED_FUNCTION = YES;
				GCC_WARN_UNUSED_VARIABLE = YES;
				MACOSX_DEPLOYMENT_TARGET = 10.11;
				MTL_ENABLE_DEBUG_INFO = YES;
				ONLY_ACTIVE_ARCH = YES;
				SDKROOT = macosx;
			};
			name = Debug;
		};
		975CCCDA1CDB6C1B00995BF1 /* Release */ = {
			isa = XCBuildConfiguration;
			buildSettings = {
				ALWAYS_SEARCH_USER_PATHS = NO;
				CLANG_CXX_LANGUAGE_STANDARD = "gnu++0x";
				CLANG_CXX_LIBRARY = "libc++";
				CLANG_ENABLE_MODULES = YES;
				CLANG_ENABLE_OBJC_ARC = YES;
				CLANG_WARN_BOOL_CONVERSION = YES;
				CLANG_WARN_CONSTANT_CONVERSION = YES;
				CLANG_WARN_DIRECT_OBJC_ISA_USAGE = YES_ERROR;
				CLANG_WARN_EMPTY_BODY = YES;
				CLANG_WARN_ENUM_CONVERSION = YES;
				CLANG_WARN_INT_CONVERSION = YES;
				CLANG_WARN_OBJC_ROOT_CLASS = YES_ERROR;
				CLANG_WARN_UNREACHABLE_CODE = YES;
				CLANG_WARN__DUPLICATE_METHOD_MATCH = YES;
				COPY_PHASE_STRIP = NO;
				DEBUG_INFORMATION_FORMAT = "dwarf-with-dsym";
				ENABLE_NS_ASSERTIONS = NO;
				ENABLE_STRICT_OBJC_MSGSEND = YES;
				GCC_C_LANGUAGE_STANDARD = gnu99;
				GCC_NO_COMMON_BLOCKS = YES;
				GCC_WARN_64_TO_32_BIT_CONVERSION = YES;
				GCC_WARN_ABOUT_RETURN_TYPE = YES_ERROR;
				GCC_WARN_UNDECLARED_SELECTOR = YES;
				GCC_WARN_UNINITIALIZED_AUTOS = YES_AGGRESSIVE;
				GCC_WARN_UNUSED_FUNCTION = YES;
				GCC_WARN_UNUSED_VARIABLE = YES;
				MACOSX_DEPLOYMENT_TARGET = 10.11;
				MTL_ENABLE_DEBUG_INFO = NO;
				SDKROOT = macosx;
			};
			name = Release;
		};
		975CCCDC1CDB6C1B00995BF1 /* Debug */ = {
			isa = XCBuildConfiguration;
			buildSettings = {
				PRODUCT_NAME = "$(TARGET_NAME)";
			};
			name = Debug;
		};
		975CCCDD1CDB6C1B00995BF1 /* Release */ = {
			isa = XCBuildConfiguration;
			buildSettings = {
				PRODUCT_NAME = "$(TARGET_NAME)";
			};
			name = Release;
		};
/* End XCBuildConfiguration section */

/* Begin XCConfigurationList section */
		975CCCCF1CDB6C1B00995BF1 /* Build configuration list for PBXProject "提取不重复的整数" */ = {
			isa = XCConfigurationList;
			buildConfigurations = (
				975CCCD91CDB6C1B00995BF1 /* Debug */,
				975CCCDA1CDB6C1B00995BF1 /* Release */,
			);
			defaultConfigurationIsVisible = 0;
			defaultConfigurationName = Release;
		};
		975CCCDB1CDB6C1B00995BF1 /* Build configuration list for PBXNativeTarget "提取不重复的整数" */ = {
			isa = XCConfigurationList;
			buildConfigurations = (
				975CCCDC1CDB6C1B00995BF1 /* Debug */,
				975CCCDD1CDB6C1B00995BF1 /* Release */,
			);
			defaultConfigurationIsVisible = 0;
		};
/* End XCConfigurationList section */
	};
	rootObject = 975CCCCC1CDB6C1B00995BF1 /* Project object */;
}
