// !$*UTF8*$!
{
	archiveVersion = 1;
	classes = {
	};
	objectVersion = 46;
	objects = {

/* Begin PBXBuildFile section */
		97B4DCE31D3B7FAA00A6DFE0 /* main.cpp in Sources */ = {isa = PBXBuildFile; fileRef = 97B4DCE21D3B7FAA00A6DFE0 /* main.cpp */; };
/* End PBXBuildFile section */

/* Begin PBXCopyFilesBuildPhase section */
		97B4DCDD1D3B7FAA00A6DFE0 /* CopyFiles */ = {
			isa = PBXCopyFilesBuildPhase;
			buildActionMask = 2147483647;
			dstPath = /usr/share/man/man1/;
			dstSubfolderSpec = 0;
			files = (
			);
			runOnlyForDeploymentPostprocessing = 1;
		};
/* End PBXCopyFilesBuildPhase section */

/* Begin PBXFileReference section */
		97B4DCDF1D3B7FAA00A6DFE0 /* 矩阵乘法 */ = {isa = PBXFileReference; explicitFileType = "compiled.mach-o.executable"; includeInIndex = 0; path = "矩阵乘法"; sourceTree = BUILT_PRODUCTS_DIR; };
		97B4DCE21D3B7FAA00A6DFE0 /* main.cpp */ = {isa = PBXFileReference; lastKnownFileType = sourcecode.cpp.cpp; path = main.cpp; sourceTree = "<group>"; };
/* End PBXFileReference section */

/* Begin PBXFrameworksBuildPhase section */
		97B4DCDC1D3B7FAA00A6DFE0 /* Frameworks */ = {
			isa = PBXFrameworksBuildPhase;
			buildActionMask = 2147483647;
			files = (
			);
			runOnlyForDeploymentPostprocessing = 0;
		};
/* End PBXFrameworksBuildPhase section */

/* Begin PBXGroup section */
		97B4DCD61D3B7FAA00A6DFE0 = {
			isa = PBXGroup;
			children = (
				97B4DCE11D3B7FAA00A6DFE0 /* 矩阵乘法 */,
				97B4DCE01D3B7FAA00A6DFE0 /* Products */,
			);
			sourceTree = "<group>";
		};
		97B4DCE01D3B7FAA00A6DFE0 /* Products */ = {
			isa = PBXGroup;
			children = (
				97B4DCDF1D3B7FAA00A6DFE0 /* 矩阵乘法 */,
			);
			name = Products;
			sourceTree = "<group>";
		};
		97B4DCE11D3B7FAA00A6DFE0 /* 矩阵乘法 */ = {
			isa = PBXGroup;
			children = (
				97B4DCE21D3B7FAA00A6DFE0 /* main.cpp */,
			);
			path = "矩阵乘法";
			sourceTree = "<group>";
		};
/* End PBXGroup section */

/* Begin PBXNativeTarget section */
		97B4DCDE1D3B7FAA00A6DFE0 /* 矩阵乘法 */ = {
			isa = PBXNativeTarget;
			buildConfigurationList = 97B4DCE61D3B7FAA00A6DFE0 /* Build configuration list for PBXNativeTarget "矩阵乘法" */;
			buildPhases = (
				97B4DCDB1D3B7FAA00A6DFE0 /* Sources */,
				97B4DCDC1D3B7FAA00A6DFE0 /* Frameworks */,
				97B4DCDD1D3B7FAA00A6DFE0 /* CopyFiles */,
			);
			buildRules = (
			);
			dependencies = (
			);
			name = "矩阵乘法";
			productName = "矩阵乘法";
			productReference = 97B4DCDF1D3B7FAA00A6DFE0 /* 矩阵乘法 */;
			productType = "com.apple.product-type.tool";
		};
/* End PBXNativeTarget section */

/* Begin PBXProject section */
		97B4DCD71D3B7FAA00A6DFE0 /* Project object */ = {
			isa = PBXProject;
			attributes = {
				LastUpgradeCheck = 0700;
				ORGANIZATIONNAME = anne;
				TargetAttributes = {
					97B4DCDE1D3B7FAA00A6DFE0 = {
						CreatedOnToolsVersion = 7.0.1;
					};
				};
			};
			buildConfigurationList = 97B4DCDA1D3B7FAA00A6DFE0 /* Build configuration list for PBXProject "矩阵乘法" */;
			compatibilityVersion = "Xcode 3.2";
			developmentRegion = English;
			hasScannedForEncodings = 0;
			knownRegions = (
				en,
			);
			mainGroup = 97B4DCD61D3B7FAA00A6DFE0;
			productRefGroup = 97B4DCE01D3B7FAA00A6DFE0 /* Products */;
			projectDirPath = "";
			projectRoot = "";
			targets = (
				97B4DCDE1D3B7FAA00A6DFE0 /* 矩阵乘法 */,
			);
		};
/* End PBXProject section */

/* Begin PBXSourcesBuildPhase section */
		97B4DCDB1D3B7FAA00A6DFE0 /* Sources */ = {
			isa = PBXSourcesBuildPhase;
			buildActionMask = 2147483647;
			files = (
				97B4DCE31D3B7FAA00A6DFE0 /* main.cpp in Sources */,
			);
			runOnlyForDeploymentPostprocessing = 0;
		};
/* End PBXSourcesBuildPhase section */

/* Begin XCBuildConfiguration section */
		97B4DCE41D3B7FAA00A6DFE0 /* Debug */ = {
			isa = XCBuildConfiguration;
			buildSettings = {
				ALWAYS_SEARCH_USER_PATHS = NO;
				CLANG_CXX_LANGUAGE_STANDARD = "gnu++0x";
				CLANG_CXX_LIBRARY = "libc++";
				CLANG_ENABLE_MODULES = YES;
				CLANG_ENABLE_OBJC_ARC = YES;
				CLANG_WARN_BOOL_CONVERSION = YES;
				CLANG_WARN_CONSTANT_CONVERSION = YES;
				CLANG_WARN_DIRECT_OBJC_ISA_USAGE = YES_ERROR;
				CLANG_WARN_EMPTY_BODY = YES;
				CLANG_WARN_ENUM_CONVERSION = YES;
				CLANG_WARN_INT_CONVERSION = YES;
				CLANG_WARN_OBJC_ROOT_CLASS = YES_ERROR;
				CLANG_WARN_UNREACHABLE_CODE = YES;
				CLANG_WARN__DUPLICATE_METHOD_MATCH = YES;
				COPY_PHASE_STRIP = NO;
				DEBUG_INFORMATION_FORMAT = dwarf;
				ENABLE_STRICT_OBJC_MSGSEND = YES;
				ENABLE_TESTABILITY = YES;
				GCC_C_LANGUAGE_STANDARD = gnu99;
				GCC_DYNAMIC_NO_PIC = NO;
				GCC_NO_COMMON_BLOCKS = YES;
				GCC_OPTIMIZATION_LEVEL = 0;
				GCC_PREPROCESSOR_DEFINITIONS = (
					"DEBUG=1",
					"$(inherited)",
				);
				GCC_WARN_64_TO_32_BIT_CONVERSION = YES;
				GCC_WARN_ABOUT_RETURN_TYPE = YES_ERROR;
				GCC_WARN_UNDECLARED_SELECTOR = YES;
				GCC_WARN_UNINITIALIZED_AUTOS = YES_AGGRESSIVE;
				GCC_WARN_UNUSED_FUNCTION = YES;
				GCC_WARN_UNUSED_VARIABLE = YES;
				MACOSX_DEPLOYMENT_TARGET = 10.11;
				MTL_ENABLE_DEBUG_INFO = YES;
				ONLY_ACTIVE_ARCH = YES;
				SDKROOT = macosx;
			};
			name = Debug;
		};
		97B4DCE51D3B7FAA00A6DFE0 /* Release */ = {
			isa = XCBuildConfiguration;
			buildSettings = {
				ALWAYS_SEARCH_USER_PATHS = NO;
				CLANG_CXX_LANGUAGE_STANDARD = "gnu++0x";
				CLANG_CXX_LIBRARY = "libc++";
				CLANG_ENABLE_MODULES = YES;
				CLANG_ENABLE_OBJC_ARC = YES;
				CLANG_WARN_BOOL_CONVERSION = YES;
				CLANG_WARN_CONSTANT_CONVERSION = YES;
				CLANG_WARN_DIRECT_OBJC_ISA_USAGE = YES_ERROR;
				CLANG_WARN_EMPTY_BODY = YES;
				CLANG_WARN_ENUM_CONVERSION = YES;
				CLANG_WARN_INT_CONVERSION = YES;
				CLANG_WARN_OBJC_ROOT_CLASS = YES_ERROR;
				CLANG_WARN_UNREACHABLE_CODE = YES;
				CLANG_WARN__DUPLICATE_METHOD_MATCH = YES;
				COPY_PHASE_STRIP = NO;
				DEBUG_INFORMATION_FORMAT = "dwarf-with-dsym";
				ENABLE_NS_ASSERTIONS = NO;
				ENABLE_STRICT_OBJC_MSGSEND = YES;
				GCC_C_LANGUAGE_STANDARD = gnu99;
				GCC_NO_COMMON_BLOCKS = YES;
				GCC_WARN_64_TO_32_BIT_CONVERSION = YES;
				GCC_WARN_ABOUT_RETURN_TYPE = YES_ERROR;
				GCC_WARN_UNDECLARED_SELECTOR = YES;
				GCC_WARN_UNINITIALIZED_AUTOS = YES_AGGRESSIVE;
				GCC_WARN_UNUSED_FUNCTION = YES;
				GCC_WARN_UNUSED_VARIABLE = YES;
				MACOSX_DEPLOYMENT_TARGET = 10.11;
				MTL_ENABLE_DEBUG_INFO = NO;
				SDKROOT = macosx;
			};
			name = Release;
		};
		97B4DCE71D3B7FAA00A6DFE0 /* Debug */ = {
			isa = XCBuildConfiguration;
			buildSettings = {
				PRODUCT_NAME = "$(TARGET_NAME)";
			};
			name = Debug;
		};
		97B4DCE81D3B7FAA00A6DFE0 /* Release */ = {
			isa = XCBuildConfiguration;
			buildSettings = {
				PRODUCT_NAME = "$(TARGET_NAME)";
			};
			name = Release;
		};
/* End XCBuildConfiguration section */

/* Begin XCConfigurationList section */
		97B4DCDA1D3B7FAA00A6DFE0 /* Build configuration list for PBXProject "矩阵乘法" */ = {
			isa = XCConfigurationList;
			buildConfigurations = (
				97B4DCE41D3B7FAA00A6DFE0 /* Debug */,
				97B4DCE51D3B7FAA00A6DFE0 /* Release */,
			);
			defaultConfigurationIsVisible = 0;
			defaultConfigurationName = Release;
		};
		97B4DCE61D3B7FAA00A6DFE0 /* Build configuration list for PBXNativeTarget "矩阵乘法" */ = {
			isa = XCConfigurationList;
			buildConfigurations = (
				97B4DCE71D3B7FAA00A6DFE0 /* Debug */,
				97B4DCE81D3B7FAA00A6DFE0 /* Release */,
			);
			defaultConfigurationIsVisible = 0;
		};
/* End XCConfigurationList section */
	};
	rootObject = 97B4DCD71D3B7FAA00A6DFE0 /* Project object */;
}
